
Microsoft Visual Studio Solution File, Format Version 12.00
# Visual Studio Version 16
VisualStudioVersion = 16.0.30907.101
MinimumVisualStudioVersion = 10.0.40219.1
Project("{FAE04EC0-301F-11D3-BF4B-00C04F79EFBC}") = "ErrorApi", "ErrorApi.csproj", "{3D95FECE-B396-4A48-93D1-DFC1C9507BC7}"
EndProject
Global
	GlobalSection(SolutionConfigurationPlatforms) = preSolution
		Debug|Any CPU = Debug|Any CPU
		Release|Any CPU = Release|Any CPU
	EndGlobalSection
	GlobalSection(ProjectConfigurationPlatforms) = postSolution
		{3D95FECE-B396-4A48-93D1-DFC1C9507BC7}.Debug|Any CPU.ActiveCfg = Debug|Any CPU
		{3D95FECE-B396-4A48-93D1-DFC1C9507BC7}.Debug|Any CPU.Build.0 = Debug|Any CPU
		{3D95FECE-B396-4A48-93D1-DFC1C9507BC7}.Release|Any CPU.ActiveCfg = Release|Any CPU
		{3D95FECE-B396-4A48-93D1-DFC1C9507BC7}.Release|Any CPU.Build.0 = Release|Any CPU
	EndGlobalSection
	GlobalSection(SolutionProperties) = preSolution
		HideSolutionNode = FALSE
	EndGlobalSection
	GlobalSection(ExtensibilityGlobals) = postSolution
		SolutionGuid = {DD2A3B78-0062-4A5E-B087-EB4602D6AF99}
	EndGlobalSection
EndGlobal
